{
  "lockfile_version": "1",
  "packages": {
    "libiconv@latest": {
      "last_modified": "2024-05-22T06:18:38Z",
      "resolved": "github:NixOS/nixpkgs/3f316d2a50699a78afe5e77ca486ad553169061e#libiconv",
      "source": "devbox-search",
      "version": "99",
      "systems": {
        "aarch64-darwin": {
          "outputs": [
            {
              "name": "out",
              "path": "/nix/store/w99j5fqpc8dz0m732b40pk6kfdq4gsh1-libiconv-99",
              "default": true
            },
            {
              "name": "dev",
              "path": "/nix/store/gbqmm72lnr042m5zwjjwrm4fldzpf0w0-libiconv-99-dev"
            }
          ],
          "store_path": "/nix/store/w99j5fqpc8dz0m732b40pk6kfdq4gsh1-libiconv-99"
        },
        "x86_64-darwin": {
          "outputs": [
            {
              "name": "out",
              "path": "/nix/store/m0mbzn96iwg89135rz58h7il7ar03k8p-libiconv-99",
              "default": true
            },
            {
              "name": "dev",
              "path": "/nix/store/nqf4h7fp22xvcldypkpl1dkswd3j6ncf-libiconv-99-dev"
            }
          ],
          "store_path": "/nix/store/m0mbzn96iwg89135rz58h7il7ar03k8p-libiconv-99"
        }
      }
    },
    "neovim@latest": {
      "last_modified": "2024-05-24T22:06:51Z",
      "resolved": "github:NixOS/nixpkgs/1a9df4f74273f90d04e621e8516777efcec2802a#neovim",
      "source": "devbox-search",
      "version": "0.10.0",
      "systems": {
        "aarch64-darwin": {
          "outputs": [
            {
              "name": "out",
              "path": "/nix/store/64bn8ps18dpwb6g0pmiwgfq619mlzglm-neovim-0.10.0",
              "default": true
            }
          ],
          "store_path": "/nix/store/64bn8ps18dpwb6g0pmiwgfq619mlzglm-neovim-0.10.0"
        },
        "aarch64-linux": {
          "outputs": [
            {
              "name": "out",
              "path": "/nix/store/nrwim7xzajfc3w1l9nahwshir6hcq7im-neovim-0.10.0",
              "default": true
            }
          ],
          "store_path": "/nix/store/nrwim7xzajfc3w1l9nahwshir6hcq7im-neovim-0.10.0"
        },
        "x86_64-darwin": {
          "outputs": [
            {
              "name": "out",
              "path": "/nix/store/7wi6j05kpzcs90g9g10s5r9dnr8l83a7-neovim-0.10.0",
              "default": true
            }
          ],
          "store_path": "/nix/store/7wi6j05kpzcs90g9g10s5r9dnr8l83a7-neovim-0.10.0"
        },
        "x86_64-linux": {
          "outputs": [
            {
              "name": "out",
              "path": "/nix/store/m9nqvj3xqqrzanpg9g2awkh8rc987qq6-neovim-0.10.0",
              "default": true
            }
          ],
          "store_path": "/nix/store/m9nqvj3xqqrzanpg9g2awkh8rc987qq6-neovim-0.10.0"
        }
      }
    },
    "rustup@latest": {
      "last_modified": "2024-05-22T06:18:38Z",
      "plugin_version": "0.0.1",
      "resolved": "github:NixOS/nixpkgs/3f316d2a50699a78afe5e77ca486ad553169061e#rustup",
      "source": "devbox-search",
      "version": "1.26.0",
      "systems": {
        "aarch64-darwin": {
          "outputs": [
            {
              "name": "out",
              "path": "/nix/store/n734bdjhfg56y0sfrzsi7p6dww8bp2si-rustup-1.26.0",
              "default": true
            }
          ],
          "store_path": "/nix/store/n734bdjhfg56y0sfrzsi7p6dww8bp2si-rustup-1.26.0"
        },
        "aarch64-linux": {
          "outputs": [
            {
              "name": "out",
              "path": "/nix/store/di5l5w2v7sg28rfhamg4dc0iyjqwy1y5-rustup-1.26.0",
              "default": true
            }
          ],
          "store_path": "/nix/store/di5l5w2v7sg28rfhamg4dc0iyjqwy1y5-rustup-1.26.0"
        },
        "x86_64-darwin": {
          "outputs": [
            {
              "name": "out",
              "path": "/nix/store/b8fjh5j1ymp2v0ydg04g938q4nd1qhkw-rustup-1.26.0",
              "default": true
            }
          ],
          "store_path": "/nix/store/b8fjh5j1ymp2v0ydg04g938q4nd1qhkw-rustup-1.26.0"
        },
        "x86_64-linux": {
          "outputs": [
            {
              "name": "out",
              "path": "/nix/store/xkf4p6bkcsvpxr49882w0vc9ckaf7zl9-rustup-1.26.0",
              "default": true
            }
          ],
          "store_path": "/nix/store/xkf4p6bkcsvpxr49882w0vc9ckaf7zl9-rustup-1.26.0"
        }
      }
    }
  }
}
